
Microsoft Visual Studio Solution File, Format Version 12.00
# Visual Studio 2013
VisualStudioVersion = 12.0.31101.0
MinimumVisualStudioVersion = 10.0.40219.1
Project("{FAE04EC0-301F-11D3-BF4B-00C04F79EFBC}") = "BattleCity.NET", "BattleCity.NET\BattleCity.NET.csproj", "{BBEAFE38-4EAF-4183-AF30-646237620F6B}"
EndProject
Project("{8BC9CEB8-8B4A-11D0-8D11-00A0C91BC942}") = "CircleAI", "CircleAI\CircleAI.vcxproj", "{F5440F39-8BFE-4DB8-94E1-9C6265CA4A67}"
EndProject
Project("{8BC9CEB8-8B4A-11D0-8D11-00A0C91BC942}") = "MedChestSearchAI", "MedChestSearchAI\MedChestSearchAI.vcxproj", "{3C2F38D6-9E72-49FA-B033-75D0E290353F}"
EndProject
Project("{8BC9CEB8-8B4A-11D0-8D11-00A0C91BC942}") = "RandomAI", "RandomAI\RandomAI.vcxproj", "{96BD8798-3C2D-4B36-837D-8D920625D895}"
EndProject
Project("{8BC9CEB8-8B4A-11D0-8D11-00A0C91BC942}") = "SearchingAI", "SearchingAI\SearchingAI.vcxproj", "{A5BCA8E0-B6EC-4A29-B07A-F48426B5647A}"
EndProject
Project("{8BC9CEB8-8B4A-11D0-8D11-00A0C91BC942}") = "SquareAI", "SquareAI\SquareAI.vcxproj", "{6582A5EB-6B8D-4DC4-B76F-3C75E5EBE6DB}"
EndProject
Project("{8BC9CEB8-8B4A-11D0-8D11-00A0C91BC942}") = "StandartAI", "StandartAI\StandartAI.vcxproj", "{EA941C9C-3788-43F1-947D-6AFC89135B1A}"
EndProject
Global
	GlobalSection(SolutionConfigurationPlatforms) = preSolution
		Debug|Any CPU = Debug|Any CPU
		Debug|Mixed Platforms = Debug|Mixed Platforms
		Debug|Win32 = Debug|Win32
		Release|Any CPU = Release|Any CPU
		Release|Mixed Platforms = Release|Mixed Platforms
		Release|Win32 = Release|Win32
	EndGlobalSection
	GlobalSection(ProjectConfigurationPlatforms) = postSolution
		{BBEAFE38-4EAF-4183-AF30-646237620F6B}.Debug|Any CPU.ActiveCfg = Debug|Any CPU
		{BBEAFE38-4EAF-4183-AF30-646237620F6B}.Debug|Any CPU.Build.0 = Debug|Any CPU
		{BBEAFE38-4EAF-4183-AF30-646237620F6B}.Debug|Mixed Platforms.ActiveCfg = Debug|Any CPU
		{BBEAFE38-4EAF-4183-AF30-646237620F6B}.Debug|Mixed Platforms.Build.0 = Debug|Any CPU
		{BBEAFE38-4EAF-4183-AF30-646237620F6B}.Debug|Win32.ActiveCfg = Debug|Any CPU
		{BBEAFE38-4EAF-4183-AF30-646237620F6B}.Release|Any CPU.ActiveCfg = Release|Any CPU
		{BBEAFE38-4EAF-4183-AF30-646237620F6B}.Release|Any CPU.Build.0 = Release|Any CPU
		{BBEAFE38-4EAF-4183-AF30-646237620F6B}.Release|Mixed Platforms.ActiveCfg = Release|Any CPU
		{BBEAFE38-4EAF-4183-AF30-646237620F6B}.Release|Mixed Platforms.Build.0 = Release|Any CPU
		{BBEAFE38-4EAF-4183-AF30-646237620F6B}.Release|Win32.ActiveCfg = Release|Any CPU
		{F5440F39-8BFE-4DB8-94E1-9C6265CA4A67}.Debug|Any CPU.ActiveCfg = Debug|Win32
		{F5440F39-8BFE-4DB8-94E1-9C6265CA4A67}.Debug|Mixed Platforms.ActiveCfg = Debug|Win32
		{F5440F39-8BFE-4DB8-94E1-9C6265CA4A67}.Debug|Mixed Platforms.Build.0 = Debug|Win32
		{F5440F39-8BFE-4DB8-94E1-9C6265CA4A67}.Debug|Win32.ActiveCfg = Debug|Win32
		{F5440F39-8BFE-4DB8-94E1-9C6265CA4A67}.Debug|Win32.Build.0 = Debug|Win32
		{F5440F39-8BFE-4DB8-94E1-9C6265CA4A67}.Release|Any CPU.ActiveCfg = Release|Win32
		{F5440F39-8BFE-4DB8-94E1-9C6265CA4A67}.Release|Mixed Platforms.ActiveCfg = Release|Win32
		{F5440F39-8BFE-4DB8-94E1-9C6265CA4A67}.Release|Mixed Platforms.Build.0 = Release|Win32
		{F5440F39-8BFE-4DB8-94E1-9C6265CA4A67}.Release|Win32.ActiveCfg = Release|Win32
		{F5440F39-8BFE-4DB8-94E1-9C6265CA4A67}.Release|Win32.Build.0 = Release|Win32
		{3C2F38D6-9E72-49FA-B033-75D0E290353F}.Debug|Any CPU.ActiveCfg = Debug|Win32
		{3C2F38D6-9E72-49FA-B033-75D0E290353F}.Debug|Mixed Platforms.ActiveCfg = Debug|Win32
		{3C2F38D6-9E72-49FA-B033-75D0E290353F}.Debug|Mixed Platforms.Build.0 = Debug|Win32
		{3C2F38D6-9E72-49FA-B033-75D0E290353F}.Debug|Win32.ActiveCfg = Debug|Win32
		{3C2F38D6-9E72-49FA-B033-75D0E290353F}.Debug|Win32.Build.0 = Debug|Win32
		{3C2F38D6-9E72-49FA-B033-75D0E290353F}.Release|Any CPU.ActiveCfg = Release|Win32
		{3C2F38D6-9E72-49FA-B033-75D0E290353F}.Release|Mixed Platforms.ActiveCfg = Release|Win32
		{3C2F38D6-9E72-49FA-B033-75D0E290353F}.Release|Mixed Platforms.Build.0 = Release|Win32
		{3C2F38D6-9E72-49FA-B033-75D0E290353F}.Release|Win32.ActiveCfg = Release|Win32
		{3C2F38D6-9E72-49FA-B033-75D0E290353F}.Release|Win32.Build.0 = Release|Win32
		{96BD8798-3C2D-4B36-837D-8D920625D895}.Debug|Any CPU.ActiveCfg = Debug|Win32
		{96BD8798-3C2D-4B36-837D-8D920625D895}.Debug|Mixed Platforms.ActiveCfg = Debug|Win32
		{96BD8798-3C2D-4B36-837D-8D920625D895}.Debug|Mixed Platforms.Build.0 = Debug|Win32
		{96BD8798-3C2D-4B36-837D-8D920625D895}.Debug|Win32.ActiveCfg = Debug|Win32
		{96BD8798-3C2D-4B36-837D-8D920625D895}.Debug|Win32.Build.0 = Debug|Win32
		{96BD8798-3C2D-4B36-837D-8D920625D895}.Release|Any CPU.ActiveCfg = Release|Win32
		{96BD8798-3C2D-4B36-837D-8D920625D895}.Release|Mixed Platforms.ActiveCfg = Release|Win32
		{96BD8798-3C2D-4B36-837D-8D920625D895}.Release|Mixed Platforms.Build.0 = Release|Win32
		{96BD8798-3C2D-4B36-837D-8D920625D895}.Release|Win32.ActiveCfg = Release|Win32
		{96BD8798-3C2D-4B36-837D-8D920625D895}.Release|Win32.Build.0 = Release|Win32
		{A5BCA8E0-B6EC-4A29-B07A-F48426B5647A}.Debug|Any CPU.ActiveCfg = Debug|Win32
		{A5BCA8E0-B6EC-4A29-B07A-F48426B5647A}.Debug|Mixed Platforms.ActiveCfg = Debug|Win32
		{A5BCA8E0-B6EC-4A29-B07A-F48426B5647A}.Debug|Mixed Platforms.Build.0 = Debug|Win32
		{A5BCA8E0-B6EC-4A29-B07A-F48426B5647A}.Debug|Win32.ActiveCfg = Debug|Win32
		{A5BCA8E0-B6EC-4A29-B07A-F48426B5647A}.Debug|Win32.Build.0 = Debug|Win32
		{A5BCA8E0-B6EC-4A29-B07A-F48426B5647A}.Release|Any CPU.ActiveCfg = Release|Win32
		{A5BCA8E0-B6EC-4A29-B07A-F48426B5647A}.Release|Mixed Platforms.ActiveCfg = Release|Win32
		{A5BCA8E0-B6EC-4A29-B07A-F48426B5647A}.Release|Mixed Platforms.Build.0 = Release|Win32
		{A5BCA8E0-B6EC-4A29-B07A-F48426B5647A}.Release|Win32.ActiveCfg = Release|Win32
		{A5BCA8E0-B6EC-4A29-B07A-F48426B5647A}.Release|Win32.Build.0 = Release|Win32
		{6582A5EB-6B8D-4DC4-B76F-3C75E5EBE6DB}.Debug|Any CPU.ActiveCfg = Debug|Win32
		{6582A5EB-6B8D-4DC4-B76F-3C75E5EBE6DB}.Debug|Mixed Platforms.ActiveCfg = Debug|Win32
		{6582A5EB-6B8D-4DC4-B76F-3C75E5EBE6DB}.Debug|Mixed Platforms.Build.0 = Debug|Win32
		{6582A5EB-6B8D-4DC4-B76F-3C75E5EBE6DB}.Debug|Win32.ActiveCfg = Debug|Win32
		{6582A5EB-6B8D-4DC4-B76F-3C75E5EBE6DB}.Debug|Win32.Build.0 = Debug|Win32
		{6582A5EB-6B8D-4DC4-B76F-3C75E5EBE6DB}.Release|Any CPU.ActiveCfg = Release|Win32
		{6582A5EB-6B8D-4DC4-B76F-3C75E5EBE6DB}.Release|Mixed Platforms.ActiveCfg = Release|Win32
		{6582A5EB-6B8D-4DC4-B76F-3C75E5EBE6DB}.Release|Mixed Platforms.Build.0 = Release|Win32
		{6582A5EB-6B8D-4DC4-B76F-3C75E5EBE6DB}.Release|Win32.ActiveCfg = Release|Win32
		{6582A5EB-6B8D-4DC4-B76F-3C75E5EBE6DB}.Release|Win32.Build.0 = Release|Win32
		{EA941C9C-3788-43F1-947D-6AFC89135B1A}.Debug|Any CPU.ActiveCfg = Debug|Win32
		{EA941C9C-3788-43F1-947D-6AFC89135B1A}.Debug|Mixed Platforms.ActiveCfg = Debug|Win32
		{EA941C9C-3788-43F1-947D-6AFC89135B1A}.Debug|Mixed Platforms.Build.0 = Debug|Win32
		{EA941C9C-3788-43F1-947D-6AFC89135B1A}.Debug|Win32.ActiveCfg = Debug|Win32
		{EA941C9C-3788-43F1-947D-6AFC89135B1A}.Debug|Win32.Build.0 = Debug|Win32
		{EA941C9C-3788-43F1-947D-6AFC89135B1A}.Release|Any CPU.ActiveCfg = Release|Win32
		{EA941C9C-3788-43F1-947D-6AFC89135B1A}.Release|Mixed Platforms.ActiveCfg = Release|Win32
		{EA941C9C-3788-43F1-947D-6AFC89135B1A}.Release|Mixed Platforms.Build.0 = Release|Win32
		{EA941C9C-3788-43F1-947D-6AFC89135B1A}.Release|Win32.ActiveCfg = Release|Win32
		{EA941C9C-3788-43F1-947D-6AFC89135B1A}.Release|Win32.Build.0 = Release|Win32
	EndGlobalSection
	GlobalSection(SolutionProperties) = preSolution
		HideSolutionNode = FALSE
	EndGlobalSection
EndGlobal
